Microsoft Visual Studio Solution File, Format Version 12.00
# Visual Studio Version 17
VisualStudioVersion = 17.5.2.0
MinimumVisualStudioVersion = 10.0.40219.1
Project("{FAE04EC0-301F-11D3-BF4B-00C04F79EFBC}") = "SecureStore", "SecureStore.csproj", "{1ABD9325-D688-4F74-2606-F41AD1476DBD}"
EndProject
Global
	GlobalSection(SolutionConfigurationPlatforms) = preSolution
		Debug|Any CPU = Debug|Any CPU
		Release|Any CPU = Release|Any CPU
	EndGlobalSection
	GlobalSection(ProjectConfigurationPlatforms) = postSolution
		{1ABD9325-D688-4F74-2606-F41AD1476DBD}.Debug|Any CPU.ActiveCfg = Debug|Any CPU
		{1ABD9325-D688-4F74-2606-F41AD1476DBD}.Debug|Any CPU.Build.0 = Debug|Any CPU
		{1ABD9325-D688-4F74-2606-F41AD1476DBD}.Release|Any CPU.ActiveCfg = Release|Any CPU
		{1ABD9325-D688-4F74-2606-F41AD1476DBD}.Release|Any CPU.Build.0 = Release|Any CPU
	EndGlobalSection
	GlobalSection(SolutionProperties) = preSolution
		HideSolutionNode = FALSE
	EndGlobalSection
	GlobalSection(ExtensibilityGlobals) = postSolution
		SolutionGuid = {190F4189-F160-4B25-A3DE-A5FDA32F842C}
	EndGlobalSection
EndGlobal
